// !$*UTF8*$!
{
	archiveVersion = 1;
	classes = {
	};
	objectVersion = 50;
	objects = {

/* Begin PBXBuildFile section */
		11E8581121D115E7000872E8 /* transcations.json in Resources */ = {isa = PBXBuildFile; fileRef = 11E8581021D115E7000872E8 /* transcations.json */; };
		11E8581321D121CC000872E8 /* moreTransactions.json in Resources */ = {isa = PBXBuildFile; fileRef = 11E8581221D121CC000872E8 /* moreTransactions.json */; };
		11E8581721D125DA000872E8 /* MyClass.m in Sources */ = {isa = PBXBuildFile; fileRef = 11E8581621D125DA000872E8 /* MyClass.m */; };
		11E8581A21D13714000872E8 /* Access.m in Sources */ = {isa = PBXBuildFile; fileRef = 11E8581921D13714000872E8 /* Access.m */; };
		11E8582221D23C46000872E8 /* kvc_kvoTests.m in Sources */ = {isa = PBXBuildFile; fileRef = 11E8582121D23C46000872E8 /* kvc_kvoTests.m */; };
		11E8582921D23CB5000872E8 /* Access.m in Sources */ = {isa = PBXBuildFile; fileRef = 11E8581921D13714000872E8 /* Access.m */; };
		11F3099A21D10DA8005D4C9E /* AppDelegate.m in Sources */ = {isa = PBXBuildFile; fileRef = 11F3099921D10DA8005D4C9E /* AppDelegate.m */; };
		11F3099D21D10DA8005D4C9E /* ViewController.m in Sources */ = {isa = PBXBuildFile; fileRef = 11F3099C21D10DA8005D4C9E /* ViewController.m */; };
		11F309A021D10DA8005D4C9E /* Main.storyboard in Resources */ = {isa = PBXBuildFile; fileRef = 11F3099E21D10DA8005D4C9E /* Main.storyboard */; };
		11F309A221D10DA9005D4C9E /* Assets.xcassets in Resources */ = {isa = PBXBuildFile; fileRef = 11F309A121D10DA9005D4C9E /* Assets.xcassets */; };
		11F309A521D10DA9005D4C9E /* LaunchScreen.storyboard in Resources */ = {isa = PBXBuildFile; fileRef = 11F309A321D10DA9005D4C9E /* LaunchScreen.storyboard */; };
		11F309A821D10DA9005D4C9E /* main.m in Sources */ = {isa = PBXBuildFile; fileRef = 11F309A721D10DA9005D4C9E /* main.m */; };
		11F309B021D1101F005D4C9E /* BankAccount.m in Sources */ = {isa = PBXBuildFile; fileRef = 11F309AF21D1101F005D4C9E /* BankAccount.m */; };
		11F309B521D1107E005D4C9E /* Transaction.m in Sources */ = {isa = PBXBuildFile; fileRef = 11F309B421D1107E005D4C9E /* Transaction.m */; };
		11F309B821D110C8005D4C9E /* Person.m in Sources */ = {isa = PBXBuildFile; fileRef = 11F309B721D110C8005D4C9E /* Person.m */; };
/* End PBXBuildFile section */

/* Begin PBXContainerItemProxy section */
		11E8582421D23C46000872E8 /* PBXContainerItemProxy */ = {
			isa = PBXContainerItemProxy;
			containerPortal = 11F3098D21D10DA8005D4C9E /* Project object */;
			proxyType = 1;
			remoteGlobalIDString = 11F3099421D10DA8005D4C9E;
			remoteInfo = "kvc&kvo";
		};
/* End PBXContainerItemProxy section */

/* Begin PBXFileReference section */
		11E8581021D115E7000872E8 /* transcations.json */ = {isa = PBXFileReference; fileEncoding = 4; lastKnownFileType = text.json; path = transcations.json; sourceTree = "<group>"; };
		11E8581221D121CC000872E8 /* moreTransactions.json */ = {isa = PBXFileReference; fileEncoding = 4; lastKnownFileType = text.json; path = moreTransactions.json; sourceTree = "<group>"; };
		11E8581521D125DA000872E8 /* MyClass.h */ = {isa = PBXFileReference; lastKnownFileType = sourcecode.c.h; path = MyClass.h; sourceTree = "<group>"; };
		11E8581621D125DA000872E8 /* MyClass.m */ = {isa = PBXFileReference; lastKnownFileType = sourcecode.c.objc; path = MyClass.m; sourceTree = "<group>"; };
		11E8581821D13714000872E8 /* Access.h */ = {isa = PBXFileReference; lastKnownFileType = sourcecode.c.h; path = Access.h; sourceTree = "<group>"; };
		11E8581921D13714000872E8 /* Access.m */ = {isa = PBXFileReference; lastKnownFileType = sourcecode.c.objc; path = Access.m; sourceTree = "<group>"; };
		11E8581F21D23C46000872E8 /* kvc&kvoTests.xctest */ = {isa = PBXFileReference; explicitFileType = wrapper.cfbundle; includeInIndex = 0; path = "kvc&kvoTests.xctest"; sourceTree = BUILT_PRODUCTS_DIR; };
		11E8582121D23C46000872E8 /* kvc_kvoTests.m */ = {isa = PBXFileReference; lastKnownFileType = sourcecode.c.objc; path = kvc_kvoTests.m; sourceTree = "<group>"; };
		11E8582321D23C46000872E8 /* Info.plist */ = {isa = PBXFileReference; lastKnownFileType = text.plist.xml; path = Info.plist; sourceTree = "<group>"; };
		11F3099521D10DA8005D4C9E /* kvc&kvo.app */ = {isa = PBXFileReference; explicitFileType = wrapper.application; includeInIndex = 0; path = "kvc&kvo.app"; sourceTree = BUILT_PRODUCTS_DIR; };
		11F3099821D10DA8005D4C9E /* AppDelegate.h */ = {isa = PBXFileReference; lastKnownFileType = sourcecode.c.h; path = AppDelegate.h; sourceTree = "<group>"; };
		11F3099921D10DA8005D4C9E /* AppDelegate.m */ = {isa = PBXFileReference; lastKnownFileType = sourcecode.c.objc; path = AppDelegate.m; sourceTree = "<group>"; };
		11F3099B21D10DA8005D4C9E /* ViewController.h */ = {isa = PBXFileReference; lastKnownFileType = sourcecode.c.h; path = ViewController.h; sourceTree = "<group>"; };
		11F3099C21D10DA8005D4C9E /* ViewController.m */ = {isa = PBXFileReference; lastKnownFileType = sourcecode.c.objc; path = ViewController.m; sourceTree = "<group>"; };
		11F3099F21D10DA8005D4C9E /* Base */ = {isa = PBXFileReference; lastKnownFileType = file.storyboard; name = Base; path = Base.lproj/Main.storyboard; sourceTree = "<group>"; };
		11F309A121D10DA9005D4C9E /* Assets.xcassets */ = {isa = PBXFileReference; lastKnownFileType = folder.assetcatalog; path = Assets.xcassets; sourceTree = "<group>"; };
		11F309A421D10DA9005D4C9E /* Base */ = {isa = PBXFileReference; lastKnownFileType = file.storyboard; name = Base; path = Base.lproj/LaunchScreen.storyboard; sourceTree = "<group>"; };
		11F309A621D10DA9005D4C9E /* Info.plist */ = {isa = PBXFileReference; lastKnownFileType = text.plist.xml; path = Info.plist; sourceTree = "<group>"; };
		11F309A721D10DA9005D4C9E /* main.m */ = {isa = PBXFileReference; lastKnownFileType = sourcecode.c.objc; path = main.m; sourceTree = "<group>"; };
		11F309AE21D1101F005D4C9E /* BankAccount.h */ = {isa = PBXFileReference; lastKnownFileType = sourcecode.c.h; path = BankAccount.h; sourceTree = "<group>"; };
		11F309AF21D1101F005D4C9E /* BankAccount.m */ = {isa = PBXFileReference; lastKnownFileType = sourcecode.c.objc; path = BankAccount.m; sourceTree = "<group>"; };
		11F309B321D1107E005D4C9E /* Transaction.h */ = {isa = PBXFileReference; lastKnownFileType = sourcecode.c.h; path = Transaction.h; sourceTree = "<group>"; };
		11F309B421D1107E005D4C9E /* Transaction.m */ = {isa = PBXFileReference; lastKnownFileType = sourcecode.c.objc; path = Transaction.m; sourceTree = "<group>"; };
		11F309B621D110C8005D4C9E /* Person.h */ = {isa = PBXFileReference; lastKnownFileType = sourcecode.c.h; path = Person.h; sourceTree = "<group>"; };
		11F309B721D110C8005D4C9E /* Person.m */ = {isa = PBXFileReference; lastKnownFileType = sourcecode.c.objc; path = Person.m; sourceTree = "<group>"; };
/* End PBXFileReference section */

/* Begin PBXFrameworksBuildPhase section */
		11E8581C21D23C46000872E8 /* Frameworks */ = {
			isa = PBXFrameworksBuildPhase;
			buildActionMask = 2147483647;
			files = (
			);
			runOnlyForDeploymentPostprocessing = 0;
		};
		11F3099221D10DA8005D4C9E /* Frameworks */ = {
			isa = PBXFrameworksBuildPhase;
			buildActionMask = 2147483647;
			files = (
			);
			runOnlyForDeploymentPostprocessing = 0;
		};
/* End PBXFrameworksBuildPhase section */

/* Begin PBXGroup section */
		11E8582021D23C46000872E8 /* kvc&kvoTests */ = {
			isa = PBXGroup;
			children = (
				11E8582121D23C46000872E8 /* kvc_kvoTests.m */,
				11E8582321D23C46000872E8 /* Info.plist */,
			);
			path = "kvc&kvoTests";
			sourceTree = "<group>";
		};
		11F3098C21D10DA8005D4C9E = {
			isa = PBXGroup;
			children = (
				11F3099721D10DA8005D4C9E /* kvc&kvo */,
				11E8582021D23C46000872E8 /* kvc&kvoTests */,
				11F3099621D10DA8005D4C9E /* Products */,
			);
			sourceTree = "<group>";
		};
		11F3099621D10DA8005D4C9E /* Products */ = {
			isa = PBXGroup;
			children = (
				11F3099521D10DA8005D4C9E /* kvc&kvo.app */,
				11E8581F21D23C46000872E8 /* kvc&kvoTests.xctest */,
			);
			name = Products;
			sourceTree = "<group>";
		};
		11F3099721D10DA8005D4C9E /* kvc&kvo */ = {
			isa = PBXGroup;
			children = (
				11F309B221D11039005D4C9E /* Supporting Files */,
				11F3099B21D10DA8005D4C9E /* ViewController.h */,
				11F3099C21D10DA8005D4C9E /* ViewController.m */,
				11E8581021D115E7000872E8 /* transcations.json */,
				11E8581221D121CC000872E8 /* moreTransactions.json */,
				11F309B121D11025005D4C9E /* Classes */,
			);
			path = "kvc&kvo";
			sourceTree = "<group>";
		};
		11F309B121D11025005D4C9E /* Classes */ = {
			isa = PBXGroup;
			children = (
				11F309AE21D1101F005D4C9E /* BankAccount.h */,
				11F309AF21D1101F005D4C9E /* BankAccount.m */,
				11F309B321D1107E005D4C9E /* Transaction.h */,
				11F309B421D1107E005D4C9E /* Transaction.m */,
				11F309B621D110C8005D4C9E /* Person.h */,
				11F309B721D110C8005D4C9E /* Person.m */,
				11E8581521D125DA000872E8 /* MyClass.h */,
				11E8581621D125DA000872E8 /* MyClass.m */,
				11E8581821D13714000872E8 /* Access.h */,
				11E8581921D13714000872E8 /* Access.m */,
			);
			path = Classes;
			sourceTree = "<group>";
		};
		11F309B221D11039005D4C9E /* Supporting Files */ = {
			isa = PBXGroup;
			children = (
				11F3099821D10DA8005D4C9E /* AppDelegate.h */,
				11F3099921D10DA8005D4C9E /* AppDelegate.m */,
				11F3099E21D10DA8005D4C9E /* Main.storyboard */,
				11F309A121D10DA9005D4C9E /* Assets.xcassets */,
				11F309A321D10DA9005D4C9E /* LaunchScreen.storyboard */,
				11F309A621D10DA9005D4C9E /* Info.plist */,
				11F309A721D10DA9005D4C9E /* main.m */,
			);
			path = "Supporting Files";
			sourceTree = "<group>";
		};
/* End PBXGroup section */

/* Begin PBXNativeTarget section */
		11E8581E21D23C46000872E8 /* kvc&kvoTests */ = {
			isa = PBXNativeTarget;
			buildConfigurationList = 11E8582621D23C46000872E8 /* Build configuration list for PBXNativeTarget "kvc&kvoTests" */;
			buildPhases = (
				11E8581B21D23C46000872E8 /* Sources */,
				11E8581C21D23C46000872E8 /* Frameworks */,
				11E8581D21D23C46000872E8 /* Resources */,
			);
			buildRules = (
			);
			dependencies = (
				11E8582521D23C46000872E8 /* PBXTargetDependency */,
			);
			name = "kvc&kvoTests";
			productName = "kvc&kvoTests";
			productReference = 11E8581F21D23C46000872E8 /* kvc&kvoTests.xctest */;
			productType = "com.apple.product-type.bundle.unit-test";
		};
		11F3099421D10DA8005D4C9E /* kvc&kvo */ = {
			isa = PBXNativeTarget;
			buildConfigurationList = 11F309AB21D10DA9005D4C9E /* Build configuration list for PBXNativeTarget "kvc&kvo" */;
			buildPhases = (
				11F3099121D10DA8005D4C9E /* Sources */,
				11F3099221D10DA8005D4C9E /* Frameworks */,
				11F3099321D10DA8005D4C9E /* Resources */,
			);
			buildRules = (
			);
			dependencies = (
			);
			name = "kvc&kvo";
			productName = "kvc&kvo";
			productReference = 11F3099521D10DA8005D4C9E /* kvc&kvo.app */;
			productType = "com.apple.product-type.application";
		};
/* End PBXNativeTarget section */

/* Begin PBXProject section */
		11F3098D21D10DA8005D4C9E /* Project object */ = {
			isa = PBXProject;
			attributes = {
				LastUpgradeCheck = 1010;
				ORGANIZATIONNAME = "姚晓丙";
				TargetAttributes = {
					11E8581E21D23C46000872E8 = {
						CreatedOnToolsVersion = 10.1;
						TestTargetID = 11F3099421D10DA8005D4C9E;
					};
					11F3099421D10DA8005D4C9E = {
						CreatedOnToolsVersion = 10.1;
					};
				};
			};
			buildConfigurationList = 11F3099021D10DA8005D4C9E /* Build configuration list for PBXProject "kvc&kvo" */;
			compatibilityVersion = "Xcode 9.3";
			developmentRegion = en;
			hasScannedForEncodings = 0;
			knownRegions = (
				en,
				Base,
			);
			mainGroup = 11F3098C21D10DA8005D4C9E;
			productRefGroup = 11F3099621D10DA8005D4C9E /* Products */;
			projectDirPath = "";
			projectRoot = "";
			targets = (
				11F3099421D10DA8005D4C9E /* kvc&kvo */,
				11E8581E21D23C46000872E8 /* kvc&kvoTests */,
			);
		};
/* End PBXProject section */

/* Begin PBXResourcesBuildPhase section */
		11E8581D21D23C46000872E8 /* Resources */ = {
			isa = PBXResourcesBuildPhase;
			buildActionMask = 2147483647;
			files = (
			);
			runOnlyForDeploymentPostprocessing = 0;
		};
		11F3099321D10DA8005D4C9E /* Resources */ = {
			isa = PBXResourcesBuildPhase;
			buildActionMask = 2147483647;
			files = (
				11F309A521D10DA9005D4C9E /* LaunchScreen.storyboard in Resources */,
				11F309A221D10DA9005D4C9E /* Assets.xcassets in Resources */,
				11E8581121D115E7000872E8 /* transcations.json in Resources */,
				11E8581321D121CC000872E8 /* moreTransactions.json in Resources */,
				11F309A021D10DA8005D4C9E /* Main.storyboard in Resources */,
			);
			runOnlyForDeploymentPostprocessing = 0;
		};
/* End PBXResourcesBuildPhase section */

/* Begin PBXSourcesBuildPhase section */
		11E8581B21D23C46000872E8 /* Sources */ = {
			isa = PBXSourcesBuildPhase;
			buildActionMask = 2147483647;
			files = (
				11E8582221D23C46000872E8 /* kvc_kvoTests.m in Sources */,
				11E8582921D23CB5000872E8 /* Access.m in Sources */,
			);
			runOnlyForDeploymentPostprocessing = 0;
		};
		11F3099121D10DA8005D4C9E /* Sources */ = {
			isa = PBXSourcesBuildPhase;
			buildActionMask = 2147483647;
			files = (
				11F309B821D110C8005D4C9E /* Person.m in Sources */,
				11F3099D21D10DA8005D4C9E /* ViewController.m in Sources */,
				11F309B021D1101F005D4C9E /* BankAccount.m in Sources */,
				11F309A821D10DA9005D4C9E /* main.m in Sources */,
				11F309B521D1107E005D4C9E /* Transaction.m in Sources */,
				11E8581A21D13714000872E8 /* Access.m in Sources */,
				11F3099A21D10DA8005D4C9E /* AppDelegate.m in Sources */,
				11E8581721D125DA000872E8 /* MyClass.m in Sources */,
			);
			runOnlyForDeploymentPostprocessing = 0;
		};
/* End PBXSourcesBuildPhase section */

/* Begin PBXTargetDependency section */
		11E8582521D23C46000872E8 /* PBXTargetDependency */ = {
			isa = PBXTargetDependency;
			target = 11F3099421D10DA8005D4C9E /* kvc&kvo */;
			targetProxy = 11E8582421D23C46000872E8 /* PBXContainerItemProxy */;
		};
/* End PBXTargetDependency section */

/* Begin PBXVariantGroup section */
		11F3099E21D10DA8005D4C9E /* Main.storyboard */ = {
			isa = PBXVariantGroup;
			children = (
				11F3099F21D10DA8005D4C9E /* Base */,
			);
			name = Main.storyboard;
			sourceTree = "<group>";
		};
		11F309A321D10DA9005D4C9E /* LaunchScreen.storyboard */ = {
			isa = PBXVariantGroup;
			children = (
				11F309A421D10DA9005D4C9E /* Base */,
			);
			name = LaunchScreen.storyboard;
			sourceTree = "<group>";
		};
/* End PBXVariantGroup section */

/* Begin XCBuildConfiguration section */
		11E8582721D23C46000872E8 /* Debug */ = {
			isa = XCBuildConfiguration;
			buildSettings = {
				BUNDLE_LOADER = "$(TEST_HOST)";
				CODE_SIGN_STYLE = Automatic;
				INFOPLIST_FILE = "kvc&kvoTests/Info.plist";
				LD_RUNPATH_SEARCH_PATHS = (
					"$(inherited)",
					"@executable_path/Frameworks",
					"@loader_path/Frameworks",
				);
				PRODUCT_BUNDLE_IDENTIFIER = "com.bing.kvc-kvoTests";
				PRODUCT_NAME = "$(TARGET_NAME)";
				TARGETED_DEVICE_FAMILY = "1,2";
				TEST_HOST = "$(BUILT_PRODUCTS_DIR)/kvc&kvo.app/kvc&kvo";
			};
			name = Debug;
		};
		11E8582821D23C46000872E8 /* Release */ = {
			isa = XCBuildConfiguration;
			buildSettings = {
				BUNDLE_LOADER = "$(TEST_HOST)";
				CODE_SIGN_STYLE = Automatic;
				INFOPLIST_FILE = "kvc&kvoTests/Info.plist";
				LD_RUNPATH_SEARCH_PATHS = (
					"$(inherited)",
					"@executable_path/Frameworks",
					"@loader_path/Frameworks",
				);
				PRODUCT_BUNDLE_IDENTIFIER = "com.bing.kvc-kvoTests";
				PRODUCT_NAME = "$(TARGET_NAME)";
				TARGETED_DEVICE_FAMILY = "1,2";
				TEST_HOST = "$(BUILT_PRODUCTS_DIR)/kvc&kvo.app/kvc&kvo";
			};
			name = Release;
		};
		11F309A921D10DA9005D4C9E /* Debug */ = {
			isa = XCBuildConfiguration;
			buildSettings = {
				ALWAYS_SEARCH_USER_PATHS = NO;
				CLANG_ANALYZER_NONNULL = YES;
				CLANG_ANALYZER_NUMBER_OBJECT_CONVERSION = YES_AGGRESSIVE;
				CLANG_CXX_LANGUAGE_STANDARD = "gnu++14";
				CLANG_CXX_LIBRARY = "libc++";
				CLANG_ENABLE_MODULES = YES;
				CLANG_ENABLE_OBJC_ARC = YES;
				CLANG_ENABLE_OBJC_WEAK = YES;
				CLANG_WARN_BLOCK_CAPTURE_AUTORELEASING = YES;
				CLANG_WARN_BOOL_CONVERSION = YES;
				CLANG_WARN_COMMA = YES;
				CLANG_WARN_CONSTANT_CONVERSION = YES;
				CLANG_WARN_DEPRECATED_OBJC_IMPLEMENTATIONS = YES;
				CLANG_WARN_DIRECT_OBJC_ISA_USAGE = YES_ERROR;
				CLANG_WARN_DOCUMENTATION_COMMENTS = YES;
				CLANG_WARN_EMPTY_BODY = YES;
				CLANG_WARN_ENUM_CONVERSION = YES;
				CLANG_WARN_INFINITE_RECURSION = YES;
				CLANG_WARN_INT_CONVERSION = YES;
				CLANG_WARN_NON_LITERAL_NULL_CONVERSION = YES;
				CLANG_WARN_OBJC_IMPLICIT_RETAIN_SELF = YES;
				CLANG_WARN_OBJC_LITERAL_CONVERSION = YES;
				CLANG_WARN_OBJC_ROOT_CLASS = YES_ERROR;
				CLANG_WARN_RANGE_LOOP_ANALYSIS = YES;
				CLANG_WARN_STRICT_PROTOTYPES = YES;
				CLANG_WARN_SUSPICIOUS_MOVE = YES;
				CLANG_WARN_UNGUARDED_AVAILABILITY = YES_AGGRESSIVE;
				CLANG_WARN_UNREACHABLE_CODE = YES;
				CLANG_WARN__DUPLICATE_METHOD_MATCH = YES;
				CODE_SIGN_IDENTITY = "iPhone Developer";
				COPY_PHASE_STRIP = NO;
				DEBUG_INFORMATION_FORMAT = dwarf;
				ENABLE_STRICT_OBJC_MSGSEND = YES;
				ENABLE_TESTABILITY = YES;
				GCC_C_LANGUAGE_STANDARD = gnu11;
				GCC_DYNAMIC_NO_PIC = NO;
				GCC_NO_COMMON_BLOCKS = YES;
				GCC_OPTIMIZATION_LEVEL = 0;
				GCC_PREPROCESSOR_DEFINITIONS = (
					"DEBUG=1",
					"$(inherited)",
				);
				GCC_WARN_64_TO_32_BIT_CONVERSION = YES;
				GCC_WARN_ABOUT_RETURN_TYPE = YES_ERROR;
				GCC_WARN_UNDECLARED_SELECTOR = YES;
				GCC_WARN_UNINITIALIZED_AUTOS = YES_AGGRESSIVE;
				GCC_WARN_UNUSED_FUNCTION = YES;
				GCC_WARN_UNUSED_VARIABLE = YES;
				IPHONEOS_DEPLOYMENT_TARGET = 12.1;
				MTL_ENABLE_DEBUG_INFO = INCLUDE_SOURCE;
				MTL_FAST_MATH = YES;
				ONLY_ACTIVE_ARCH = YES;
				SDKROOT = iphoneos;
			};
			name = Debug;
		};
		11F309AA21D10DA9005D4C9E /* Release */ = {
			isa = XCBuildConfiguration;
			buildSettings = {
				ALWAYS_SEARCH_USER_PATHS = NO;
				CLANG_ANALYZER_NONNULL = YES;
				CLANG_ANALYZER_NUMBER_OBJECT_CONVERSION = YES_AGGRESSIVE;
				CLANG_CXX_LANGUAGE_STANDARD = "gnu++14";
				CLANG_CXX_LIBRARY = "libc++";
				CLANG_ENABLE_MODULES = YES;
				CLANG_ENABLE_OBJC_ARC = YES;
				CLANG_ENABLE_OBJC_WEAK = YES;
				CLANG_WARN_BLOCK_CAPTURE_AUTORELEASING = YES;
				CLANG_WARN_BOOL_CONVERSION = YES;
				CLANG_WARN_COMMA = YES;
				CLANG_WARN_CONSTANT_CONVERSION = YES;
				CLANG_WARN_DEPRECATED_OBJC_IMPLEMENTATIONS = YES;
				CLANG_WARN_DIRECT_OBJC_ISA_USAGE = YES_ERROR;
				CLANG_WARN_DOCUMENTATION_COMMENTS = YES;
				CLANG_WARN_EMPTY_BODY = YES;
				CLANG_WARN_ENUM_CONVERSION = YES;
				CLANG_WARN_INFINITE_RECURSION = YES;
				CLANG_WARN_INT_CONVERSION = YES;
				CLANG_WARN_NON_LITERAL_NULL_CONVERSION = YES;
				CLANG_WARN_OBJC_IMPLICIT_RETAIN_SELF = YES;
				CLANG_WARN_OBJC_LITERAL_CONVERSION = YES;
				CLANG_WARN_OBJC_ROOT_CLASS = YES_ERROR;
				CLANG_WARN_RANGE_LOOP_ANALYSIS = YES;
				CLANG_WARN_STRICT_PROTOTYPES = YES;
				CLANG_WARN_SUSPICIOUS_MOVE = YES;
				CLANG_WARN_UNGUARDED_AVAILABILITY = YES_AGGRESSIVE;
				CLANG_WARN_UNREACHABLE_CODE = YES;
				CLANG_WARN__DUPLICATE_METHOD_MATCH = YES;
				CODE_SIGN_IDENTITY = "iPhone Developer";
				COPY_PHASE_STRIP = NO;
				DEBUG_INFORMATION_FORMAT = "dwarf-with-dsym";
				ENABLE_NS_ASSERTIONS = NO;
				ENABLE_STRICT_OBJC_MSGSEND = YES;
				GCC_C_LANGUAGE_STANDARD = gnu11;
				GCC_NO_COMMON_BLOCKS = YES;
				GCC_WARN_64_TO_32_BIT_CONVERSION = YES;
				GCC_WARN_ABOUT_RETURN_TYPE = YES_ERROR;
				GCC_WARN_UNDECLARED_SELECTOR = YES;
				GCC_WARN_UNINITIALIZED_AUTOS = YES_AGGRESSIVE;
				GCC_WARN_UNUSED_FUNCTION = YES;
				GCC_WARN_UNUSED_VARIABLE = YES;
				IPHONEOS_DEPLOYMENT_TARGET = 12.1;
				MTL_ENABLE_DEBUG_INFO = NO;
				MTL_FAST_MATH = YES;
				SDKROOT = iphoneos;
				VALIDATE_PRODUCT = YES;
			};
			name = Release;
		};
		11F309AC21D10DA9005D4C9E /* Debug */ = {
			isa = XCBuildConfiguration;
			buildSettings = {
				ASSETCATALOG_COMPILER_APPICON_NAME = AppIcon;
				CODE_SIGN_STYLE = Automatic;
				INFOPLIST_FILE = "kvc&kvo/Supporting Files/Info.plist";
				LD_RUNPATH_SEARCH_PATHS = (
					"$(inherited)",
					"@executable_path/Frameworks",
				);
				PRODUCT_BUNDLE_IDENTIFIER = "com.bing.kvc-kvo";
				PRODUCT_NAME = "$(TARGET_NAME)";
				TARGETED_DEVICE_FAMILY = "1,2";
			};
			name = Debug;
		};
		11F309AD21D10DA9005D4C9E /* Release */ = {
			isa = XCBuildConfiguration;
			buildSettings = {
				ASSETCATALOG_COMPILER_APPICON_NAME = AppIcon;
				CODE_SIGN_STYLE = Automatic;
				INFOPLIST_FILE = "kvc&kvo/Supporting Files/Info.plist";
				LD_RUNPATH_SEARCH_PATHS = (
					"$(inherited)",
					"@executable_path/Frameworks",
				);
				PRODUCT_BUNDLE_IDENTIFIER = "com.bing.kvc-kvo";
				PRODUCT_NAME = "$(TARGET_NAME)";
				TARGETED_DEVICE_FAMILY = "1,2";
			};
			name = Release;
		};
/* End XCBuildConfiguration section */

/* Begin XCConfigurationList section */
		11E8582621D23C46000872E8 /* Build configuration list for PBXNativeTarget "kvc&kvoTests" */ = {
			isa = XCConfigurationList;
			buildConfigurations = (
				11E8582721D23C46000872E8 /* Debug */,
				11E8582821D23C46000872E8 /* Release */,
			);
			defaultConfigurationIsVisible = 0;
			defaultConfigurationName = Release;
		};
		11F3099021D10DA8005D4C9E /* Build configuration list for PBXProject "kvc&kvo" */ = {
			isa = XCConfigurationList;
			buildConfigurations = (
				11F309A921D10DA9005D4C9E /* Debug */,
				11F309AA21D10DA9005D4C9E /* Release */,
			);
			defaultConfigurationIsVisible = 0;
			defaultConfigurationName = Release;
		};
		11F309AB21D10DA9005D4C9E /* Build configuration list for PBXNativeTarget "kvc&kvo" */ = {
			isa = XCConfigurationList;
			buildConfigurations = (
				11F309AC21D10DA9005D4C9E /* Debug */,
				11F309AD21D10DA9005D4C9E /* Release */,
			);
			defaultConfigurationIsVisible = 0;
			defaultConfigurationName = Release;
		};
/* End XCConfigurationList section */
	};
	rootObject = 11F3098D21D10DA8005D4C9E /* Project object */;
}
